// !$*UTF8*$!
{
	archiveVersion = 1;
	classes = {
	};
	objectVersion = 50;
	objects = {

/* Begin PBXBuildFile section */
		07888898285BAD5200C36A79 /* BlogEndpoint.swift in Sources */ = {isa = PBXBuildFile; fileRef = 07888897285BAD5200C36A79 /* BlogEndpoint.swift */; };
		078888A6285BB82A00C36A79 /* BlogRepositoryProtocol.swift in Sources */ = {isa = PBXBuildFile; fileRef = 078888A5285BB82A00C36A79 /* BlogRepositoryProtocol.swift */; };
		078888B2285BC50500C36A79 /* UsersViewModel.swift in Sources */ = {isa = PBXBuildFile; fileRef = 078888B1285BC50500C36A79 /* UsersViewModel.swift */; };
		078888BA285BC93900C36A79 /* UsersView.swift in Sources */ = {isa = PBXBuildFile; fileRef = 078888B9285BC93900C36A79 /* UsersView.swift */; };
		0797FE59285A46DE006DE4EE /* blogmeApp.swift in Sources */ = {isa = PBXBuildFile; fileRef = 0797FE58285A46DE006DE4EE /* blogmeApp.swift */; };
		0797FE5B285A46DE006DE4EE /* ContentView.swift in Sources */ = {isa = PBXBuildFile; fileRef = 0797FE5A285A46DE006DE4EE /* ContentView.swift */; };
		0797FE5D285A46DF006DE4EE /* Assets.xcassets in Resources */ = {isa = PBXBuildFile; fileRef = 0797FE5C285A46DF006DE4EE /* Assets.xcassets */; };
		0797FE60285A46DF006DE4EE /* Preview Assets.xcassets in Resources */ = {isa = PBXBuildFile; fileRef = 0797FE5F285A46DF006DE4EE /* Preview Assets.xcassets */; };
		0797FE6A285A543E006DE4EE /* APIClientProtocol.swift in Sources */ = {isa = PBXBuildFile; fileRef = 0797FE69285A543E006DE4EE /* APIClientProtocol.swift */; };
		0797FE6E285A55BB006DE4EE /* RequestBuilder.swift in Sources */ = {isa = PBXBuildFile; fileRef = 0797FE6D285A55BB006DE4EE /* RequestBuilder.swift */; };
		0797FE71285A577E006DE4EE /* APIError.swift in Sources */ = {isa = PBXBuildFile; fileRef = 0797FE70285A577E006DE4EE /* APIError.swift */; };
		0797FE74285A5848006DE4EE /* APIClient.swift in Sources */ = {isa = PBXBuildFile; fileRef = 0797FE73285A5848006DE4EE /* APIClient.swift */; };
		0797FE79285A6049006DE4EE /* UserAPI.swift in Sources */ = {isa = PBXBuildFile; fileRef = 0797FE78285A6049006DE4EE /* UserAPI.swift */; };
		0797FE7E285A62A0006DE4EE /* AddressAPI.swift in Sources */ = {isa = PBXBuildFile; fileRef = 0797FE7D285A62A0006DE4EE /* AddressAPI.swift */; };
		0797FE81285A6367006DE4EE /* GeoAPI.swift in Sources */ = {isa = PBXBuildFile; fileRef = 0797FE80285A6367006DE4EE /* GeoAPI.swift */; };
		0797FE84285A64B3006DE4EE /* CompanyAPI.swift in Sources */ = {isa = PBXBuildFile; fileRef = 0797FE83285A64B3006DE4EE /* CompanyAPI.swift */; };
/* End PBXBuildFile section */

/* Begin PBXFileReference section */
		07888897285BAD5200C36A79 /* BlogEndpoint.swift */ = {isa = PBXFileReference; lastKnownFileType = sourcecode.swift; path = BlogEndpoint.swift; sourceTree = "<group>"; };
		078888A5285BB82A00C36A79 /* BlogRepositoryProtocol.swift */ = {isa = PBXFileReference; lastKnownFileType = sourcecode.swift; path = BlogRepositoryProtocol.swift; sourceTree = "<group>"; };
		078888B1285BC50500C36A79 /* UsersViewModel.swift */ = {isa = PBXFileReference; lastKnownFileType = sourcecode.swift; path = UsersViewModel.swift; sourceTree = "<group>"; };
		078888B9285BC93900C36A79 /* UsersView.swift */ = {isa = PBXFileReference; lastKnownFileType = sourcecode.swift; path = UsersView.swift; sourceTree = "<group>"; };
		0797FE55285A46DE006DE4EE /* blogme.app */ = {isa = PBXFileReference; explicitFileType = wrapper.application; includeInIndex = 0; path = blogme.app; sourceTree = BUILT_PRODUCTS_DIR; };
		0797FE58285A46DE006DE4EE /* blogmeApp.swift */ = {isa = PBXFileReference; lastKnownFileType = sourcecode.swift; path = blogmeApp.swift; sourceTree = "<group>"; };
		0797FE5A285A46DE006DE4EE /* ContentView.swift */ = {isa = PBXFileReference; lastKnownFileType = sourcecode.swift; path = ContentView.swift; sourceTree = "<group>"; };
		0797FE5C285A46DF006DE4EE /* Assets.xcassets */ = {isa = PBXFileReference; lastKnownFileType = folder.assetcatalog; path = Assets.xcassets; sourceTree = "<group>"; };
		0797FE5F285A46DF006DE4EE /* Preview Assets.xcassets */ = {isa = PBXFileReference; lastKnownFileType = folder.assetcatalog; path = "Preview Assets.xcassets"; sourceTree = "<group>"; };
		0797FE61285A46DF006DE4EE /* Info.plist */ = {isa = PBXFileReference; lastKnownFileType = text.plist.xml; path = Info.plist; sourceTree = "<group>"; };
		0797FE69285A543E006DE4EE /* APIClientProtocol.swift */ = {isa = PBXFileReference; lastKnownFileType = sourcecode.swift; path = APIClientProtocol.swift; sourceTree = "<group>"; };
		0797FE6D285A55BB006DE4EE /* RequestBuilder.swift */ = {isa = PBXFileReference; lastKnownFileType = sourcecode.swift; path = RequestBuilder.swift; sourceTree = "<group>"; };
		0797FE70285A577E006DE4EE /* APIError.swift */ = {isa = PBXFileReference; lastKnownFileType = sourcecode.swift; path = APIError.swift; sourceTree = "<group>"; };
		0797FE73285A5848006DE4EE /* APIClient.swift */ = {isa = PBXFileReference; lastKnownFileType = sourcecode.swift; path = APIClient.swift; sourceTree = "<group>"; };
		0797FE78285A6049006DE4EE /* UserAPI.swift */ = {isa = PBXFileReference; lastKnownFileType = sourcecode.swift; path = UserAPI.swift; sourceTree = "<group>"; };
		0797FE7D285A62A0006DE4EE /* AddressAPI.swift */ = {isa = PBXFileReference; lastKnownFileType = sourcecode.swift; path = AddressAPI.swift; sourceTree = "<group>"; };
		0797FE80285A6367006DE4EE /* GeoAPI.swift */ = {isa = PBXFileReference; lastKnownFileType = sourcecode.swift; path = GeoAPI.swift; sourceTree = "<group>"; };
		0797FE83285A64B3006DE4EE /* CompanyAPI.swift */ = {isa = PBXFileReference; lastKnownFileType = sourcecode.swift; path = CompanyAPI.swift; sourceTree = "<group>"; };
/* End PBXFileReference section */

/* Begin PBXFrameworksBuildPhase section */
		0797FE52285A46DE006DE4EE /* Frameworks */ = {
			isa = PBXFrameworksBuildPhase;
			buildActionMask = 2147483647;
			files = (
			);
			runOnlyForDeploymentPostprocessing = 0;
		};
/* End PBXFrameworksBuildPhase section */

/* Begin PBXGroup section */
		07888891285B88F000C36A79 /* Model */ = {
			isa = PBXGroup;
			children = (
				0797FE78285A6049006DE4EE /* UserAPI.swift */,
				0797FE7D285A62A0006DE4EE /* AddressAPI.swift */,
				0797FE80285A6367006DE4EE /* GeoAPI.swift */,
				0797FE83285A64B3006DE4EE /* CompanyAPI.swift */,
			);
			path = Model;
			sourceTree = "<group>";
		};
		078888B6285BC55300C36A79 /* ViewModels */ = {
			isa = PBXGroup;
			children = (
				078888B1285BC50500C36A79 /* UsersViewModel.swift */,
			);
			path = ViewModels;
			sourceTree = "<group>";
		};
		078888B7285BC63B00C36A79 /* Views */ = {
			isa = PBXGroup;
			children = (
				078888B9285BC93900C36A79 /* UsersView.swift */,
			);
			path = Views;
			sourceTree = "<group>";
		};
		0797FE4C285A46DE006DE4EE = {
			isa = PBXGroup;
			children = (
				0797FE57285A46DE006DE4EE /* blogme */,
				0797FE56285A46DE006DE4EE /* Products */,
			);
			sourceTree = "<group>";
		};
		0797FE56285A46DE006DE4EE /* Products */ = {
			isa = PBXGroup;
			children = (
				0797FE55285A46DE006DE4EE /* blogme.app */,
			);
			name = Products;
			sourceTree = "<group>";
		};
		0797FE57285A46DE006DE4EE /* blogme */ = {
			isa = PBXGroup;
			children = (
				078888B7285BC63B00C36A79 /* Views */,
				078888B6285BC55300C36A79 /* ViewModels */,
				0797FE77285A6034006DE4EE /* BlogAPI */,
				0797FE68285A47CB006DE4EE /* API */,
				0797FE58285A46DE006DE4EE /* blogmeApp.swift */,
				0797FE5A285A46DE006DE4EE /* ContentView.swift */,
				0797FE5C285A46DF006DE4EE /* Assets.xcassets */,
				0797FE61285A46DF006DE4EE /* Info.plist */,
				0797FE5E285A46DF006DE4EE /* Preview Content */,
			);
			path = blogme;
			sourceTree = "<group>";
		};
		0797FE5E285A46DF006DE4EE /* Preview Content */ = {
			isa = PBXGroup;
			children = (
				0797FE5F285A46DF006DE4EE /* Preview Assets.xcassets */,
			);
			path = "Preview Content";
			sourceTree = "<group>";
		};
		0797FE68285A47CB006DE4EE /* API */ = {
			isa = PBXGroup;
			children = (
				0797FE69285A543E006DE4EE /* APIClientProtocol.swift */,
				0797FE6D285A55BB006DE4EE /* RequestBuilder.swift */,
				0797FE70285A577E006DE4EE /* APIError.swift */,
				0797FE73285A5848006DE4EE /* APIClient.swift */,
			);
			path = API;
			sourceTree = "<group>";
		};
		0797FE77285A6034006DE4EE /* BlogAPI */ = {
			isa = PBXGroup;
			children = (
				078888A5285BB82A00C36A79 /* BlogRepositoryProtocol.swift */,
				07888897285BAD5200C36A79 /* BlogEndpoint.swift */,
				07888891285B88F000C36A79 /* Model */,
			);
			path = BlogAPI;
			sourceTree = "<group>";
		};
/* End PBXGroup section */

/* Begin PBXNativeTarget section */
		0797FE54285A46DE006DE4EE /* blogme */ = {
			isa = PBXNativeTarget;
			buildConfigurationList = 0797FE64285A46DF006DE4EE /* Build configuration list for PBXNativeTarget "blogme" */;
			buildPhases = (
				0797FE51285A46DE006DE4EE /* Sources */,
				0797FE52285A46DE006DE4EE /* Frameworks */,
				0797FE53285A46DE006DE4EE /* Resources */,
			);
			buildRules = (
			);
			dependencies = (
			);
			name = blogme;
			productName = blogme;
			productReference = 0797FE55285A46DE006DE4EE /* blogme.app */;
			productType = "com.apple.product-type.application";
		};
/* End PBXNativeTarget section */

/* Begin PBXProject section */
		0797FE4D285A46DE006DE4EE /* Project object */ = {
			isa = PBXProject;
			attributes = {
				LastSwiftUpdateCheck = 1240;
				LastUpgradeCheck = 1240;
				TargetAttributes = {
					0797FE54285A46DE006DE4EE = {
						CreatedOnToolsVersion = 12.4;
					};
				};
			};
			buildConfigurationList = 0797FE50285A46DE006DE4EE /* Build configuration list for PBXProject "blogme" */;
			compatibilityVersion = "Xcode 9.3";
			developmentRegion = en;
			hasScannedForEncodings = 0;
			knownRegions = (
				en,
				Base,
			);
			mainGroup = 0797FE4C285A46DE006DE4EE;
			productRefGroup = 0797FE56285A46DE006DE4EE /* Products */;
			projectDirPath = "";
			projectRoot = "";
			targets = (
				0797FE54285A46DE006DE4EE /* blogme */,
			);
		};
/* End PBXProject section */

/* Begin PBXResourcesBuildPhase section */
		0797FE53285A46DE006DE4EE /* Resources */ = {
			isa = PBXResourcesBuildPhase;
			buildActionMask = 2147483647;
			files = (
				0797FE60285A46DF006DE4EE /* Preview Assets.xcassets in Resources */,
				0797FE5D285A46DF006DE4EE /* Assets.xcassets in Resources */,
			);
			runOnlyForDeploymentPostprocessing = 0;
		};
/* End PBXResourcesBuildPhase section */

/* Begin PBXSourcesBuildPhase section */
		0797FE51285A46DE006DE4EE /* Sources */ = {
			isa = PBXSourcesBuildPhase;
			buildActionMask = 2147483647;
			files = (
				078888A6285BB82A00C36A79 /* BlogRepositoryProtocol.swift in Sources */,
				078888B2285BC50500C36A79 /* UsersViewModel.swift in Sources */,
				0797FE5B285A46DE006DE4EE /* ContentView.swift in Sources */,
				07888898285BAD5200C36A79 /* BlogEndpoint.swift in Sources */,
				0797FE6A285A543E006DE4EE /* APIClientProtocol.swift in Sources */,
				078888BA285BC93900C36A79 /* UsersView.swift in Sources */,
				0797FE59285A46DE006DE4EE /* blogmeApp.swift in Sources */,
				0797FE84285A64B3006DE4EE /* CompanyAPI.swift in Sources */,
				0797FE71285A577E006DE4EE /* APIError.swift in Sources */,
				0797FE6E285A55BB006DE4EE /* RequestBuilder.swift in Sources */,
				0797FE74285A5848006DE4EE /* APIClient.swift in Sources */,
				0797FE7E285A62A0006DE4EE /* AddressAPI.swift in Sources */,
				0797FE79285A6049006DE4EE /* UserAPI.swift in Sources */,
				0797FE81285A6367006DE4EE /* GeoAPI.swift in Sources */,
			);
			runOnlyForDeploymentPostprocessing = 0;
		};
/* End PBXSourcesBuildPhase section */

/* Begin XCBuildConfiguration section */
		0797FE62285A46DF006DE4EE /* Debug */ = {
			isa = XCBuildConfiguration;
			buildSettings = {
				ALWAYS_SEARCH_USER_PATHS = NO;
				CLANG_ANALYZER_NONNULL = YES;
				CLANG_ANALYZER_NUMBER_OBJECT_CONVERSION = YES_AGGRESSIVE;
				CLANG_CXX_LANGUAGE_STANDARD = "gnu++14";
				CLANG_CXX_LIBRARY = "libc++";
				CLANG_ENABLE_MODULES = YES;
				CLANG_ENABLE_OBJC_ARC = YES;
				CLANG_ENABLE_OBJC_WEAK = YES;
				CLANG_WARN_BLOCK_CAPTURE_AUTORELEASING = YES;
				CLANG_WARN_BOOL_CONVERSION = YES;
				CLANG_WARN_COMMA = YES;
				CLANG_WARN_CONSTANT_CONVERSION = YES;
				CLANG_WARN_DEPRECATED_OBJC_IMPLEMENTATIONS = YES;
				CLANG_WARN_DIRECT_OBJC_ISA_USAGE = YES_ERROR;
				CLANG_WARN_DOCUMENTATION_COMMENTS = YES;
				CLANG_WARN_EMPTY_BODY = YES;
				CLANG_WARN_ENUM_CONVERSION = YES;
				CLANG_WARN_INFINITE_RECURSION = YES;
				CLANG_WARN_INT_CONVERSION = YES;
				CLANG_WARN_NON_LITERAL_NULL_CONVERSION = YES;
				CLANG_WARN_OBJC_IMPLICIT_RETAIN_SELF = YES;
				CLANG_WARN_OBJC_LITERAL_CONVERSION = YES;
				CLANG_WARN_OBJC_ROOT_CLASS = YES_ERROR;
				CLANG_WARN_QUOTED_INCLUDE_IN_FRAMEWORK_HEADER = YES;
				CLANG_WARN_RANGE_LOOP_ANALYSIS = YES;
				CLANG_WARN_STRICT_PROTOTYPES = YES;
				CLANG_WARN_SUSPICIOUS_MOVE = YES;
				CLANG_WARN_UNGUARDED_AVAILABILITY = YES_AGGRESSIVE;
				CLANG_WARN_UNREACHABLE_CODE = YES;
				CLANG_WARN__DUPLICATE_METHOD_MATCH = YES;
				COPY_PHASE_STRIP = NO;
				DEBUG_INFORMATION_FORMAT = dwarf;
				ENABLE_STRICT_OBJC_MSGSEND = YES;
				ENABLE_TESTABILITY = YES;
				GCC_C_LANGUAGE_STANDARD = gnu11;
				GCC_DYNAMIC_NO_PIC = NO;
				GCC_NO_COMMON_BLOCKS = YES;
				GCC_OPTIMIZATION_LEVEL = 0;
				GCC_PREPROCESSOR_DEFINITIONS = (
					"DEBUG=1",
					"$(inherited)",
				);
				GCC_WARN_64_TO_32_BIT_CONVERSION = YES;
				GCC_WARN_ABOUT_RETURN_TYPE = YES_ERROR;
				GCC_WARN_UNDECLARED_SELECTOR = YES;
				GCC_WARN_UNINITIALIZED_AUTOS = YES_AGGRESSIVE;
				GCC_WARN_UNUSED_FUNCTION = YES;
				GCC_WARN_UNUSED_VARIABLE = YES;
				IPHONEOS_DEPLOYMENT_TARGET = 14.4;
				MTL_ENABLE_DEBUG_INFO = INCLUDE_SOURCE;
				MTL_FAST_MATH = YES;
				ONLY_ACTIVE_ARCH = YES;
				SDKROOT = iphoneos;
				SWIFT_ACTIVE_COMPILATION_CONDITIONS = DEBUG;
				SWIFT_OPTIMIZATION_LEVEL = "-Onone";
			};
			name = Debug;
		};
		0797FE63285A46DF006DE4EE /* Release */ = {
			isa = XCBuildConfiguration;
			buildSettings = {
				ALWAYS_SEARCH_USER_PATHS = NO;
				CLANG_ANALYZER_NONNULL = YES;
				CLANG_ANALYZER_NUMBER_OBJECT_CONVERSION = YES_AGGRESSIVE;
				CLANG_CXX_LANGUAGE_STANDARD = "gnu++14";
				CLANG_CXX_LIBRARY = "libc++";
				CLANG_ENABLE_MODULES = YES;
				CLANG_ENABLE_OBJC_ARC = YES;
				CLANG_ENABLE_OBJC_WEAK = YES;
				CLANG_WARN_BLOCK_CAPTURE_AUTORELEASING = YES;
				CLANG_WARN_BOOL_CONVERSION = YES;
				CLANG_WARN_COMMA = YES;
				CLANG_WARN_CONSTANT_CONVERSION = YES;
				CLANG_WARN_DEPRECATED_OBJC_IMPLEMENTATIONS = YES;
				CLANG_WARN_DIRECT_OBJC_ISA_USAGE = YES_ERROR;
				CLANG_WARN_DOCUMENTATION_COMMENTS = YES;
				CLANG_WARN_EMPTY_BODY = YES;
				CLANG_WARN_ENUM_CONVERSION = YES;
				CLANG_WARN_INFINITE_RECURSION = YES;
				CLANG_WARN_INT_CONVERSION = YES;
				CLANG_WARN_NON_LITERAL_NULL_CONVERSION = YES;
				CLANG_WARN_OBJC_IMPLICIT_RETAIN_SELF = YES;
				CLANG_WARN_OBJC_LITERAL_CONVERSION = YES;
				CLANG_WARN_OBJC_ROOT_CLASS = YES_ERROR;
				CLANG_WARN_QUOTED_INCLUDE_IN_FRAMEWORK_HEADER = YES;
				CLANG_WARN_RANGE_LOOP_ANALYSIS = YES;
				CLANG_WARN_STRICT_PROTOTYPES = YES;
				CLANG_WARN_SUSPICIOUS_MOVE = YES;
				CLANG_WARN_UNGUARDED_AVAILABILITY = YES_AGGRESSIVE;
				CLANG_WARN_UNREACHABLE_CODE = YES;
				CLANG_WARN__DUPLICATE_METHOD_MATCH = YES;
				COPY_PHASE_STRIP = NO;
				DEBUG_INFORMATION_FORMAT = "dwarf-with-dsym";
				ENABLE_NS_ASSERTIONS = NO;
				ENABLE_STRICT_OBJC_MSGSEND = YES;
				GCC_C_LANGUAGE_STANDARD = gnu11;
				GCC_NO_COMMON_BLOCKS = YES;
				GCC_WARN_64_TO_32_BIT_CONVERSION = YES;
				GCC_WARN_ABOUT_RETURN_TYPE = YES_ERROR;
				GCC_WARN_UNDECLARED_SELECTOR = YES;
				GCC_WARN_UNINITIALIZED_AUTOS = YES_AGGRESSIVE;
				GCC_WARN_UNUSED_FUNCTION = YES;
				GCC_WARN_UNUSED_VARIABLE = YES;
				IPHONEOS_DEPLOYMENT_TARGET = 14.4;
				MTL_ENABLE_DEBUG_INFO = NO;
				MTL_FAST_MATH = YES;
				SDKROOT = iphoneos;
				SWIFT_COMPILATION_MODE = wholemodule;
				SWIFT_OPTIMIZATION_LEVEL = "-O";
				VALIDATE_PRODUCT = YES;
			};
			name = Release;
		};
		0797FE65285A46DF006DE4EE /* Debug */ = {
			isa = XCBuildConfiguration;
			buildSettings = {
				ASSETCATALOG_COMPILER_APPICON_NAME = AppIcon;
				ASSETCATALOG_COMPILER_GLOBAL_ACCENT_COLOR_NAME = AccentColor;
				CODE_SIGN_STYLE = Automatic;
				DEVELOPMENT_ASSET_PATHS = "\"blogme/Preview Content\"";
				ENABLE_PREVIEWS = YES;
				INFOPLIST_FILE = blogme/Info.plist;
				IPHONEOS_DEPLOYMENT_TARGET = 14.0;
				LD_RUNPATH_SEARCH_PATHS = (
					"$(inherited)",
					"@executable_path/Frameworks",
				);
				PRODUCT_BUNDLE_IDENTIFIER = com.charlspuch88.blogme;
				PRODUCT_NAME = "$(TARGET_NAME)";
				SWIFT_VERSION = 5.0;
				TARGETED_DEVICE_FAMILY = "1,2";
			};
			name = Debug;
		};
		0797FE66285A46DF006DE4EE /* Release */ = {
			isa = XCBuildConfiguration;
			buildSettings = {
				ASSETCATALOG_COMPILER_APPICON_NAME = AppIcon;
				ASSETCATALOG_COMPILER_GLOBAL_ACCENT_COLOR_NAME = AccentColor;
				CODE_SIGN_STYLE = Automatic;
				DEVELOPMENT_ASSET_PATHS = "\"blogme/Preview Content\"";
				ENABLE_PREVIEWS = YES;
				INFOPLIST_FILE = blogme/Info.plist;
				IPHONEOS_DEPLOYMENT_TARGET = 14.0;
				LD_RUNPATH_SEARCH_PATHS = (
					"$(inherited)",
					"@executable_path/Frameworks",
				);
				PRODUCT_BUNDLE_IDENTIFIER = com.charlspuch88.blogme;
				PRODUCT_NAME = "$(TARGET_NAME)";
				SWIFT_VERSION = 5.0;
				TARGETED_DEVICE_FAMILY = "1,2";
			};
			name = Release;
		};
/* End XCBuildConfiguration section */

/* Begin XCConfigurationList section */
		0797FE50285A46DE006DE4EE /* Build configuration list for PBXProject "blogme" */ = {
			isa = XCConfigurationList;
			buildConfigurations = (
				0797FE62285A46DF006DE4EE /* Debug */,
				0797FE63285A46DF006DE4EE /* Release */,
			);
			defaultConfigurationIsVisible = 0;
			defaultConfigurationName = Release;
		};
		0797FE64285A46DF006DE4EE /* Build configuration list for PBXNativeTarget "blogme" */ = {
			isa = XCConfigurationList;
			buildConfigurations = (
				0797FE65285A46DF006DE4EE /* Debug */,
				0797FE66285A46DF006DE4EE /* Release */,
			);
			defaultConfigurationIsVisible = 0;
			defaultConfigurationName = Release;
		};
/* End XCConfigurationList section */
	};
	rootObject = 0797FE4D285A46DE006DE4EE /* Project object */;
}
